
Microsoft Visual Studio Solution File, Format Version 12.00
# Visual Studio Version 16
VisualStudioVersion = 16.0.29609.76
MinimumVisualStudioVersion = 10.0.40219.1
Project("{9A19103F-16F7-4668-BE54-9A1E7A4F7556}") = "Contest.Ihm", "Ihm\Contest.Ihm.csproj", "{B39A4F9E-0484-4346-95A9-3AF5D62236BB}"
EndProject
Project("{9A19103F-16F7-4668-BE54-9A1E7A4F7556}") = "Contest.Core", "Contest.Core\Contest.Core.csproj", "{AA703556-DD37-4B27-986D-9B8C01C24040}"
EndProject
Project("{9A19103F-16F7-4668-BE54-9A1E7A4F7556}") = "Contest.Control", "Control\Contest.Control.csproj", "{396A76D7-D178-4BDD-A9FF-A4AF9FC21818}"
EndProject
Project("{9A19103F-16F7-4668-BE54-9A1E7A4F7556}") = "Contest.Core.Component", "Contest.Core.Component\Contest.Core.Component.csproj", "{6CC897AB-E169-4F20-A56D-0BC0AF8E451D}"
EndProject
Project("{9A19103F-16F7-4668-BE54-9A1E7A4F7556}") = "Contest.Core.Windows", "Contest.Core.Windows\Contest.Core.Windows.csproj", "{117C2981-C2C7-4B80-BA99-A7F73B8A9B62}"
EndProject
Project("{9A19103F-16F7-4668-BE54-9A1E7A4F7556}") = "Contest.Domain", "Contest.Domain\Contest.Domain.csproj", "{F5B2EFA4-D5A9-4EEE-ABF3-24E2D70AEB30}"
EndProject
Project("{9A19103F-16F7-4668-BE54-9A1E7A4F7556}") = "Contest.Repository", "Contest.Repository\Contest.Repository.csproj", "{A4DE6ED9-E760-4F79-8A39-CEF8D8CFF26E}"
EndProject
Project("{9A19103F-16F7-4668-BE54-9A1E7A4F7556}") = "Contest.Domain.UnitTest", "Contest.Domain.UnitTest\Contest.Domain.UnitTest.csproj", "{32D7EA0C-468E-44DA-AD1A-5953AFEE40EE}"
EndProject
Global
	GlobalSection(SolutionConfigurationPlatforms) = preSolution
		Debug|Any CPU = Debug|Any CPU
		Release|Any CPU = Release|Any CPU
	EndGlobalSection
	GlobalSection(ProjectConfigurationPlatforms) = postSolution
		{B39A4F9E-0484-4346-95A9-3AF5D62236BB}.Debug|Any CPU.ActiveCfg = Debug|Any CPU
		{B39A4F9E-0484-4346-95A9-3AF5D62236BB}.Debug|Any CPU.Build.0 = Debug|Any CPU
		{B39A4F9E-0484-4346-95A9-3AF5D62236BB}.Release|Any CPU.ActiveCfg = Release|Any CPU
		{B39A4F9E-0484-4346-95A9-3AF5D62236BB}.Release|Any CPU.Build.0 = Release|Any CPU
		{AA703556-DD37-4B27-986D-9B8C01C24040}.Debug|Any CPU.ActiveCfg = Debug|Any CPU
		{AA703556-DD37-4B27-986D-9B8C01C24040}.Debug|Any CPU.Build.0 = Debug|Any CPU
		{AA703556-DD37-4B27-986D-9B8C01C24040}.Release|Any CPU.ActiveCfg = Release|Any CPU
		{AA703556-DD37-4B27-986D-9B8C01C24040}.Release|Any CPU.Build.0 = Release|Any CPU
		{396A76D7-D178-4BDD-A9FF-A4AF9FC21818}.Debug|Any CPU.ActiveCfg = Debug|Any CPU
		{396A76D7-D178-4BDD-A9FF-A4AF9FC21818}.Debug|Any CPU.Build.0 = Debug|Any CPU
		{396A76D7-D178-4BDD-A9FF-A4AF9FC21818}.Release|Any CPU.ActiveCfg = Release|Any CPU
		{396A76D7-D178-4BDD-A9FF-A4AF9FC21818}.Release|Any CPU.Build.0 = Release|Any CPU
		{6CC897AB-E169-4F20-A56D-0BC0AF8E451D}.Debug|Any CPU.ActiveCfg = Debug|Any CPU
		{6CC897AB-E169-4F20-A56D-0BC0AF8E451D}.Debug|Any CPU.Build.0 = Debug|Any CPU
		{6CC897AB-E169-4F20-A56D-0BC0AF8E451D}.Release|Any CPU.ActiveCfg = Release|Any CPU
		{6CC897AB-E169-4F20-A56D-0BC0AF8E451D}.Release|Any CPU.Build.0 = Release|Any CPU
		{117C2981-C2C7-4B80-BA99-A7F73B8A9B62}.Debug|Any CPU.ActiveCfg = Debug|Any CPU
		{117C2981-C2C7-4B80-BA99-A7F73B8A9B62}.Debug|Any CPU.Build.0 = Debug|Any CPU
		{117C2981-C2C7-4B80-BA99-A7F73B8A9B62}.Release|Any CPU.ActiveCfg = Release|Any CPU
		{117C2981-C2C7-4B80-BA99-A7F73B8A9B62}.Release|Any CPU.Build.0 = Release|Any CPU
		{F5B2EFA4-D5A9-4EEE-ABF3-24E2D70AEB30}.Debug|Any CPU.ActiveCfg = Debug|Any CPU
		{F5B2EFA4-D5A9-4EEE-ABF3-24E2D70AEB30}.Debug|Any CPU.Build.0 = Debug|Any CPU
		{F5B2EFA4-D5A9-4EEE-ABF3-24E2D70AEB30}.Release|Any CPU.ActiveCfg = Release|Any CPU
		{F5B2EFA4-D5A9-4EEE-ABF3-24E2D70AEB30}.Release|Any CPU.Build.0 = Release|Any CPU
		{A4DE6ED9-E760-4F79-8A39-CEF8D8CFF26E}.Debug|Any CPU.ActiveCfg = Debug|Any CPU
		{A4DE6ED9-E760-4F79-8A39-CEF8D8CFF26E}.Debug|Any CPU.Build.0 = Debug|Any CPU
		{A4DE6ED9-E760-4F79-8A39-CEF8D8CFF26E}.Release|Any CPU.ActiveCfg = Release|Any CPU
		{A4DE6ED9-E760-4F79-8A39-CEF8D8CFF26E}.Release|Any CPU.Build.0 = Release|Any CPU
		{32D7EA0C-468E-44DA-AD1A-5953AFEE40EE}.Debug|Any CPU.ActiveCfg = Debug|Any CPU
		{32D7EA0C-468E-44DA-AD1A-5953AFEE40EE}.Debug|Any CPU.Build.0 = Debug|Any CPU
		{32D7EA0C-468E-44DA-AD1A-5953AFEE40EE}.Release|Any CPU.ActiveCfg = Release|Any CPU
		{32D7EA0C-468E-44DA-AD1A-5953AFEE40EE}.Release|Any CPU.Build.0 = Release|Any CPU
	EndGlobalSection
	GlobalSection(SolutionProperties) = preSolution
		HideSolutionNode = FALSE
	EndGlobalSection
	GlobalSection(ExtensibilityGlobals) = postSolution
		SolutionGuid = {A5CF56F8-C477-4116-AD92-A626488EBC15}
	EndGlobalSection
EndGlobal
